
Microsoft Visual Studio Solution File, Format Version 12.00
# Visual Studio Version 16
VisualStudioVersion = 16.0.29509.3
MinimumVisualStudioVersion = 10.0.40219.1
Project("{9A19103F-16F7-4668-BE54-9A1E7A4F7556}") = "virusTotalCmdline", "virusTotalCmdline\virusTotalCmdline.csproj", "{F06367DF-ACDD-4D81-9A9B-9E9CCCE4E4F5}"
EndProject
Project("{FAE04EC0-301F-11D3-BF4B-00C04F79EFBC}") = "virusTotalCmdLine_Tests", "virusTotalCmdLine_Tests\virusTotalCmdLine_Tests.csproj", "{3EBBA367-20F9-421F-843C-68F7B7BB875C}"
EndProject
Global
	GlobalSection(SolutionConfigurationPlatforms) = preSolution
		Debug|Any CPU = Debug|Any CPU
		Release|Any CPU = Release|Any CPU
	EndGlobalSection
	GlobalSection(ProjectConfigurationPlatforms) = postSolution
		{F06367DF-ACDD-4D81-9A9B-9E9CCCE4E4F5}.Debug|Any CPU.ActiveCfg = Debug|Any CPU
		{F06367DF-ACDD-4D81-9A9B-9E9CCCE4E4F5}.Debug|Any CPU.Build.0 = Debug|Any CPU
		{F06367DF-ACDD-4D81-9A9B-9E9CCCE4E4F5}.Release|Any CPU.ActiveCfg = Release|Any CPU
		{F06367DF-ACDD-4D81-9A9B-9E9CCCE4E4F5}.Release|Any CPU.Build.0 = Release|Any CPU
		{3EBBA367-20F9-421F-843C-68F7B7BB875C}.Debug|Any CPU.ActiveCfg = Debug|Any CPU
		{3EBBA367-20F9-421F-843C-68F7B7BB875C}.Debug|Any CPU.Build.0 = Debug|Any CPU
		{3EBBA367-20F9-421F-843C-68F7B7BB875C}.Release|Any CPU.ActiveCfg = Release|Any CPU
		{3EBBA367-20F9-421F-843C-68F7B7BB875C}.Release|Any CPU.Build.0 = Release|Any CPU
	EndGlobalSection
	GlobalSection(SolutionProperties) = preSolution
		HideSolutionNode = FALSE
	EndGlobalSection
	GlobalSection(ExtensibilityGlobals) = postSolution
		SolutionGuid = {5938CB02-F4C1-4006-8A7B-4873E78796C6}
	EndGlobalSection
EndGlobal
